
Microsoft Visual Studio Solution File, Format Version 12.00
# Visual Studio Version 17
VisualStudioVersion = 17.14.37531.7 d17.14
MinimumVisualStudioVersion = 10.0.40219.1
Project("{FAE04EC0-301F-11D3-BF4B-00C04F79EFBC}") = "Lernperiode11", "Lernperiode11.csproj", "{71634D48-A4CB-4531-A655-D7BC8741F53E}"
EndProject
Global
	GlobalSection(SolutionConfigurationPlatforms) = preSolution
		Debug|Any CPU = Debug|Any CPU
		Release|Any CPU = Release|Any CPU
	EndGlobalSection
	GlobalSection(ProjectConfigurationPlatforms) = postSolution
		{71634D48-A4CB-4531-A655-D7BC8741F53E}.Debug|Any CPU.ActiveCfg = Debug|Any CPU
		{71634D48-A4CB-4531-A655-D7BC8741F53E}.Debug|Any CPU.Build.0 = Debug|Any CPU
		{71634D48-A4CB-4531-A655-D7BC8741F53E}.Release|Any CPU.ActiveCfg = Release|Any CPU
		{71634D48-A4CB-4531-A655-D7BC8741F53E}.Release|Any CPU.Build.0 = Release|Any CPU
	EndGlobalSection
	GlobalSection(SolutionProperties) = preSolution
		HideSolutionNode = FALSE
	EndGlobalSection
	GlobalSection(ExtensibilityGlobals) = postSolution
		SolutionGuid = {C14A5B00-D8E0-4F99-9127-547AAC1AD1E2}
	EndGlobalSection
EndGlobal
